
Microsoft Visual Studio Solution File, Format Version 12.00
# Visual Studio 15
VisualStudioVersion = 15.0.28307.168
MinimumVisualStudioVersion = 10.0.40219.1
Project("{FAE04EC0-301F-11D3-BF4B-00C04F79EFBC}") = "d1-calculator", "d1-calculator\d1-calculator.csproj", "{4068154F-5015-4E8B-8DE5-93422F5A1B7E}"
EndProject
Global
	GlobalSection(SolutionConfigurationPlatforms) = preSolution
		Debug|Any CPU = Debug|Any CPU
		Release|Any CPU = Release|Any CPU
	EndGlobalSection
	GlobalSection(ProjectConfigurationPlatforms) = postSolution
		{4068154F-5015-4E8B-8DE5-93422F5A1B7E}.Debug|Any CPU.ActiveCfg = Debug|Any CPU
		{4068154F-5015-4E8B-8DE5-93422F5A1B7E}.Debug|Any CPU.Build.0 = Debug|Any CPU
		{4068154F-5015-4E8B-8DE5-93422F5A1B7E}.Release|Any CPU.ActiveCfg = Release|Any CPU
		{4068154F-5015-4E8B-8DE5-93422F5A1B7E}.Release|Any CPU.Build.0 = Release|Any CPU
	EndGlobalSection
	GlobalSection(SolutionProperties) = preSolution
		HideSolutionNode = FALSE
	EndGlobalSection
	GlobalSection(ExtensibilityGlobals) = postSolution
		SolutionGuid = {2667D370-B2AA-4649-825E-DD864C2FCD08}
	EndGlobalSection
EndGlobal
